
Microsoft Visual Studio Solution File, Format Version 12.00
Project("{FAE04EC0-301F-11D3-BF4B-00C04F79EFBC}") = "Bunny.LibSql.Client", "Bunny.LibSql.Client\Bunny.LibSql.Client.csproj", "{7D2D1574-A059-451B-AFD3-7A08763B7EDB}"
EndProject
Project("{FAE04EC0-301F-11D3-BF4B-00C04F79EFBC}") = "Bunny.LibSql.Client.Demo", "Bunny.LibSql.Client.Demo\Bunny.LibSql.Client.Demo.csproj", "{22B5C975-B65A-48EA-AED4-7C382451FC50}"
EndProject
Project("{FAE04EC0-301F-11D3-BF4B-00C04F79EFBC}") = "Bunny.LibSql.Client.Tests", "Bunny.LibSql.Client.Tests\Bunny.LibSql.Client.Tests.csproj", "{D995CBAC-E552-4F82-995C-9DC3A5AD6F9B}"
EndProject
Global
	GlobalSection(SolutionConfigurationPlatforms) = preSolution
		Debug|Any CPU = Debug|Any CPU
		Release|Any CPU = Release|Any CPU
	EndGlobalSection
	GlobalSection(ProjectConfigurationPlatforms) = postSolution
		{7D2D1574-A059-451B-AFD3-7A08763B7EDB}.Debug|Any CPU.ActiveCfg = Debug|Any CPU
		{7D2D1574-A059-451B-AFD3-7A08763B7EDB}.Debug|Any CPU.Build.0 = Debug|Any CPU
		{7D2D1574-A059-451B-AFD3-7A08763B7EDB}.Release|Any CPU.ActiveCfg = Release|Any CPU
		{7D2D1574-A059-451B-AFD3-7A08763B7EDB}.Release|Any CPU.Build.0 = Release|Any CPU
		{22B5C975-B65A-48EA-AED4-7C382451FC50}.Debug|Any CPU.ActiveCfg = Debug|Any CPU
		{22B5C975-B65A-48EA-AED4-7C382451FC50}.Debug|Any CPU.Build.0 = Debug|Any CPU
		{22B5C975-B65A-48EA-AED4-7C382451FC50}.Release|Any CPU.ActiveCfg = Release|Any CPU
		{22B5C975-B65A-48EA-AED4-7C382451FC50}.Release|Any CPU.Build.0 = Release|Any CPU
		{D995CBAC-E552-4F82-995C-9DC3A5AD6F9B}.Debug|Any CPU.ActiveCfg = Debug|Any CPU
		{D995CBAC-E552-4F82-995C-9DC3A5AD6F9B}.Debug|Any CPU.Build.0 = Debug|Any CPU
		{D995CBAC-E552-4F82-995C-9DC3A5AD6F9B}.Release|Any CPU.ActiveCfg = Release|Any CPU
		{D995CBAC-E552-4F82-995C-9DC3A5AD6F9B}.Release|Any CPU.Build.0 = Release|Any CPU
	EndGlobalSection
EndGlobal
